// !$*UTF8*$!
{
	archiveVersion = 1;
	classes = {
	};
	objectVersion = 48;
	objects = {

/* Begin PBXBuildFile section */
		FD5C089D201A60AF00088A18 /* AppDelegate.swift in Sources */ = {isa = PBXBuildFile; fileRef = FD5C089C201A60AF00088A18 /* AppDelegate.swift */; };
		FD5C089F201A60AF00088A18 /* ViewController.swift in Sources */ = {isa = PBXBuildFile; fileRef = FD5C089E201A60AF00088A18 /* ViewController.swift */; };
		FD5C08A2201A60AF00088A18 /* Main.storyboard in Resources */ = {isa = PBXBuildFile; fileRef = FD5C08A0201A60AF00088A18 /* Main.storyboard */; };
		FD5C08A4201A60AF00088A18 /* Assets.xcassets in Resources */ = {isa = PBXBuildFile; fileRef = FD5C08A3201A60AF00088A18 /* Assets.xcassets */; };
		FD5C08A7201A60AF00088A18 /* LaunchScreen.storyboard in Resources */ = {isa = PBXBuildFile; fileRef = FD5C08A5201A60AF00088A18 /* LaunchScreen.storyboard */; };
		FD74561D2027806C00C72A67 /* StructuresApi.swift in Sources */ = {isa = PBXBuildFile; fileRef = FD74561C2027806C00C72A67 /* StructuresApi.swift */; };
		FDE51B35201CB800006041D5 /* RepoTableViewCell.swift in Sources */ = {isa = PBXBuildFile; fileRef = FDE51B34201CB800006041D5 /* RepoTableViewCell.swift */; };
/* End PBXBuildFile section */

/* Begin PBXFileReference section */
		FD5C0899201A60AF00088A18 /* CodingChallengeHiddenFounders.app */ = {isa = PBXFileReference; explicitFileType = wrapper.application; includeInIndex = 0; path = CodingChallengeHiddenFounders.app; sourceTree = BUILT_PRODUCTS_DIR; };
		FD5C089C201A60AF00088A18 /* AppDelegate.swift */ = {isa = PBXFileReference; lastKnownFileType = sourcecode.swift; path = AppDelegate.swift; sourceTree = "<group>"; };
		FD5C089E201A60AF00088A18 /* ViewController.swift */ = {isa = PBXFileReference; lastKnownFileType = sourcecode.swift; path = ViewController.swift; sourceTree = "<group>"; };
		FD5C08A1201A60AF00088A18 /* Base */ = {isa = PBXFileReference; lastKnownFileType = file.storyboard; name = Base; path = Base.lproj/Main.storyboard; sourceTree = "<group>"; };
		FD5C08A3201A60AF00088A18 /* Assets.xcassets */ = {isa = PBXFileReference; lastKnownFileType = folder.assetcatalog; path = Assets.xcassets; sourceTree = "<group>"; };
		FD5C08A6201A60AF00088A18 /* Base */ = {isa = PBXFileReference; lastKnownFileType = file.storyboard; name = Base; path = Base.lproj/LaunchScreen.storyboard; sourceTree = "<group>"; };
		FD5C08A8201A60AF00088A18 /* Info.plist */ = {isa = PBXFileReference; lastKnownFileType = text.plist.xml; path = Info.plist; sourceTree = "<group>"; };
		FD74561C2027806C00C72A67 /* StructuresApi.swift */ = {isa = PBXFileReference; lastKnownFileType = sourcecode.swift; path = StructuresApi.swift; sourceTree = "<group>"; };
		FDE51B34201CB800006041D5 /* RepoTableViewCell.swift */ = {isa = PBXFileReference; lastKnownFileType = sourcecode.swift; path = RepoTableViewCell.swift; sourceTree = "<group>"; };
/* End PBXFileReference section */

/* Begin PBXFrameworksBuildPhase section */
		FD5C0896201A60AF00088A18 /* Frameworks */ = {
			isa = PBXFrameworksBuildPhase;
			buildActionMask = 2147483647;
			files = (
			);
			runOnlyForDeploymentPostprocessing = 0;
		};
/* End PBXFrameworksBuildPhase section */

/* Begin PBXGroup section */
		FD5C0890201A60AF00088A18 = {
			isa = PBXGroup;
			children = (
				FD5C089B201A60AF00088A18 /* CodingChallengeHiddenFounders */,
				FD5C089A201A60AF00088A18 /* Products */,
			);
			sourceTree = "<group>";
		};
		FD5C089A201A60AF00088A18 /* Products */ = {
			isa = PBXGroup;
			children = (
				FD5C0899201A60AF00088A18 /* CodingChallengeHiddenFounders.app */,
			);
			name = Products;
			sourceTree = "<group>";
		};
		FD5C089B201A60AF00088A18 /* CodingChallengeHiddenFounders */ = {
			isa = PBXGroup;
			children = (
				FD5C089C201A60AF00088A18 /* AppDelegate.swift */,
				FD5C089E201A60AF00088A18 /* ViewController.swift */,
				FD74561C2027806C00C72A67 /* StructuresApi.swift */,
				FDE51B34201CB800006041D5 /* RepoTableViewCell.swift */,
				FD5C08A0201A60AF00088A18 /* Main.storyboard */,
				FD5C08A3201A60AF00088A18 /* Assets.xcassets */,
				FD5C08A5201A60AF00088A18 /* LaunchScreen.storyboard */,
				FD5C08A8201A60AF00088A18 /* Info.plist */,
			);
			path = CodingChallengeHiddenFounders;
			sourceTree = "<group>";
		};
/* End PBXGroup section */

/* Begin PBXNativeTarget section */
		FD5C0898201A60AF00088A18 /* CodingChallengeHiddenFounders */ = {
			isa = PBXNativeTarget;
			buildConfigurationList = FD5C08AB201A60AF00088A18 /* Build configuration list for PBXNativeTarget "CodingChallengeHiddenFounders" */;
			buildPhases = (
				FD5C0895201A60AF00088A18 /* Sources */,
				FD5C0896201A60AF00088A18 /* Frameworks */,
				FD5C0897201A60AF00088A18 /* Resources */,
			);
			buildRules = (
			);
			dependencies = (
			);
			name = CodingChallengeHiddenFounders;
			productName = CodingChallengeHiddenFounders;
			productReference = FD5C0899201A60AF00088A18 /* CodingChallengeHiddenFounders.app */;
			productType = "com.apple.product-type.application";
		};
/* End PBXNativeTarget section */

/* Begin PBXProject section */
		FD5C0891201A60AF00088A18 /* Project object */ = {
			isa = PBXProject;
			attributes = {
				LastSwiftUpdateCheck = 0920;
				LastUpgradeCheck = 0920;
				ORGANIZATIONNAME = "Gotzon Zabala";
				TargetAttributes = {
					FD5C0898201A60AF00088A18 = {
						CreatedOnToolsVersion = 9.2;
						ProvisioningStyle = Automatic;
					};
				};
			};
			buildConfigurationList = FD5C0894201A60AF00088A18 /* Build configuration list for PBXProject "CodingChallengeHiddenFounders" */;
			compatibilityVersion = "Xcode 8.0";
			developmentRegion = en;
			hasScannedForEncodings = 0;
			knownRegions = (
				en,
				Base,
			);
			mainGroup = FD5C0890201A60AF00088A18;
			productRefGroup = FD5C089A201A60AF00088A18 /* Products */;
			projectDirPath = "";
			projectRoot = "";
			targets = (
				FD5C0898201A60AF00088A18 /* CodingChallengeHiddenFounders */,
			);
		};
/* End PBXProject section */

/* Begin PBXResourcesBuildPhase section */
		FD5C0897201A60AF00088A18 /* Resources */ = {
			isa = PBXResourcesBuildPhase;
			buildActionMask = 2147483647;
			files = (
				FD5C08A7201A60AF00088A18 /* LaunchScreen.storyboard in Resources */,
				FD5C08A4201A60AF00088A18 /* Assets.xcassets in Resources */,
				FD5C08A2201A60AF00088A18 /* Main.storyboard in Resources */,
			);
			runOnlyForDeploymentPostprocessing = 0;
		};
/* End PBXResourcesBuildPhase section */

/* Begin PBXSourcesBuildPhase section */
		FD5C0895201A60AF00088A18 /* Sources */ = {
			isa = PBXSourcesBuildPhase;
			buildActionMask = 2147483647;
			files = (
				FD74561D2027806C00C72A67 /* StructuresApi.swift in Sources */,
				FD5C089F201A60AF00088A18 /* ViewController.swift in Sources */,
				FD5C089D201A60AF00088A18 /* AppDelegate.swift in Sources */,
				FDE51B35201CB800006041D5 /* RepoTableViewCell.swift in Sources */,
			);
			runOnlyForDeploymentPostprocessing = 0;
		};
/* End PBXSourcesBuildPhase section */

/* Begin PBXVariantGroup section */
		FD5C08A0201A60AF00088A18 /* Main.storyboard */ = {
			isa = PBXVariantGroup;
			children = (
				FD5C08A1201A60AF00088A18 /* Base */,
			);
			name = Main.storyboard;
			sourceTree = "<group>";
		};
		FD5C08A5201A60AF00088A18 /* LaunchScreen.storyboard */ = {
			isa = PBXVariantGroup;
			children = (
				FD5C08A6201A60AF00088A18 /* Base */,
			);
			name = LaunchScreen.storyboard;
			sourceTree = "<group>";
		};
/* End PBXVariantGroup section */

/* Begin XCBuildConfiguration section */
		FD5C08A9201A60AF00088A18 /* Debug */ = {
			isa = XCBuildConfiguration;
			buildSettings = {
				ALWAYS_SEARCH_USER_PATHS = NO;
				CLANG_ANALYZER_NONNULL = YES;
				CLANG_ANALYZER_NUMBER_OBJECT_CONVERSION = YES_AGGRESSIVE;
				CLANG_CXX_LANGUAGE_STANDARD = "gnu++14";
				CLANG_CXX_LIBRARY = "libc++";
				CLANG_ENABLE_MODULES = YES;
				CLANG_ENABLE_OBJC_ARC = YES;
				CLANG_WARN_BLOCK_CAPTURE_AUTORELEASING = YES;
				CLANG_WARN_BOOL_CONVERSION = YES;
				CLANG_WARN_COMMA = YES;
				CLANG_WARN_CONSTANT_CONVERSION = YES;
				CLANG_WARN_DIRECT_OBJC_ISA_USAGE = YES_ERROR;
				CLANG_WARN_DOCUMENTATION_COMMENTS = YES;
				CLANG_WARN_EMPTY_BODY = YES;
				CLANG_WARN_ENUM_CONVERSION = YES;
				CLANG_WARN_INFINITE_RECURSION = YES;
				CLANG_WARN_INT_CONVERSION = YES;
				CLANG_WARN_NON_LITERAL_NULL_CONVERSION = YES;
				CLANG_WARN_OBJC_LITERAL_CONVERSION = YES;
				CLANG_WARN_OBJC_ROOT_CLASS = YES_ERROR;
				CLANG_WARN_RANGE_LOOP_ANALYSIS = YES;
				CLANG_WARN_STRICT_PROTOTYPES = YES;
				CLANG_WARN_SUSPICIOUS_MOVE = YES;
				CLANG_WARN_UNGUARDED_AVAILABILITY = YES_AGGRESSIVE;
				CLANG_WARN_UNREACHABLE_CODE = YES;
				CLANG_WARN__DUPLICATE_METHOD_MATCH = YES;
				CODE_SIGN_IDENTITY = "iPhone Developer";
				COPY_PHASE_STRIP = NO;
				DEBUG_INFORMATION_FORMAT = dwarf;
				ENABLE_STRICT_OBJC_MSGSEND = YES;
				ENABLE_TESTABILITY = YES;
				GCC_C_LANGUAGE_STANDARD = gnu11;
				GCC_DYNAMIC_NO_PIC = NO;
				GCC_NO_COMMON_BLOCKS = YES;
				GCC_OPTIMIZATION_LEVEL = 0;
				GCC_PREPROCESSOR_DEFINITIONS = (
					"DEBUG=1",
					"$(inherited)",
				);
				GCC_WARN_64_TO_32_BIT_CONVERSION = YES;
				GCC_WARN_ABOUT_RETURN_TYPE = YES_ERROR;
				GCC_WARN_UNDECLARED_SELECTOR = YES;
				GCC_WARN_UNINITIALIZED_AUTOS = YES_AGGRESSIVE;
				GCC_WARN_UNUSED_FUNCTION = YES;
				GCC_WARN_UNUSED_VARIABLE = YES;
				IPHONEOS_DEPLOYMENT_TARGET = 11.2;
				MTL_ENABLE_DEBUG_INFO = YES;
				ONLY_ACTIVE_ARCH = YES;
				SDKROOT = iphoneos;
				SWIFT_ACTIVE_COMPILATION_CONDITIONS = DEBUG;
				SWIFT_OPTIMIZATION_LEVEL = "-Onone";
			};
			name = Debug;
		};
		FD5C08AA201A60AF00088A18 /* Release */ = {
			isa = XCBuildConfiguration;
			buildSettings = {
				ALWAYS_SEARCH_USER_PATHS = NO;
				CLANG_ANALYZER_NONNULL = YES;
				CLANG_ANALYZER_NUMBER_OBJECT_CONVERSION = YES_AGGRESSIVE;
				CLANG_CXX_LANGUAGE_STANDARD = "gnu++14";
				CLANG_CXX_LIBRARY = "libc++";
				CLANG_ENABLE_MODULES = YES;
				CLANG_ENABLE_OBJC_ARC = YES;
				CLANG_WARN_BLOCK_CAPTURE_AUTORELEASING = YES;
				CLANG_WARN_BOOL_CONVERSION = YES;
				CLANG_WARN_COMMA = YES;
				CLANG_WARN_CONSTANT_CONVERSION = YES;
				CLANG_WARN_DIRECT_OBJC_ISA_USAGE = YES_ERROR;
				CLANG_WARN_DOCUMENTATION_COMMENTS = YES;
				CLANG_WARN_EMPTY_BODY = YES;
				CLANG_WARN_ENUM_CONVERSION = YES;
				CLANG_WARN_INFINITE_RECURSION = YES;
				CLANG_WARN_INT_CONVERSION = YES;
				CLANG_WARN_NON_LITERAL_NULL_CONVERSION = YES;
				CLANG_WARN_OBJC_LITERAL_CONVERSION = YES;
				CLANG_WARN_OBJC_ROOT_CLASS = YES_ERROR;
				CLANG_WARN_RANGE_LOOP_ANALYSIS = YES;
				CLANG_WARN_STRICT_PROTOTYPES = YES;
				CLANG_WARN_SUSPICIOUS_MOVE = YES;
				CLANG_WARN_UNGUARDED_AVAILABILITY = YES_AGGRESSIVE;
				CLANG_WARN_UNREACHABLE_CODE = YES;
				CLANG_WARN__DUPLICATE_METHOD_MATCH = YES;
				CODE_SIGN_IDENTITY = "iPhone Developer";
				COPY_PHASE_STRIP = NO;
				DEBUG_INFORMATION_FORMAT = "dwarf-with-dsym";
				ENABLE_NS_ASSERTIONS = NO;
				ENABLE_STRICT_OBJC_MSGSEND = YES;
				GCC_C_LANGUAGE_STANDARD = gnu11;
				GCC_NO_COMMON_BLOCKS = YES;
				GCC_WARN_64_TO_32_BIT_CONVERSION = YES;
				GCC_WARN_ABOUT_RETURN_TYPE = YES_ERROR;
				GCC_WARN_UNDECLARED_SELECTOR = YES;
				GCC_WARN_UNINITIALIZED_AUTOS = YES_AGGRESSIVE;
				GCC_WARN_UNUSED_FUNCTION = YES;
				GCC_WARN_UNUSED_VARIABLE = YES;
				IPHONEOS_DEPLOYMENT_TARGET = 11.2;
				MTL_ENABLE_DEBUG_INFO = NO;
				SDKROOT = iphoneos;
				SWIFT_OPTIMIZATION_LEVEL = "-Owholemodule";
				VALIDATE_PRODUCT = YES;
			};
			name = Release;
		};
		FD5C08AC201A60AF00088A18 /* Debug */ = {
			isa = XCBuildConfiguration;
			buildSettings = {
				ASSETCATALOG_COMPILER_APPICON_NAME = AppIcon;
				CODE_SIGN_STYLE = Automatic;
				DEVELOPMENT_TEAM = L4N77Q65SP;
				INFOPLIST_FILE = CodingChallengeHiddenFounders/Info.plist;
				LD_RUNPATH_SEARCH_PATHS = "$(inherited) @executable_path/Frameworks";
				PRODUCT_BUNDLE_IDENTIFIER = com.gezeta.CodingChallengeHiddenFounders;
				PRODUCT_NAME = "$(TARGET_NAME)";
				SWIFT_VERSION = 4.0;
				TARGETED_DEVICE_FAMILY = "1,2";
			};
			name = Debug;
		};
		FD5C08AD201A60AF00088A18 /* Release */ = {
			isa = XCBuildConfiguration;
			buildSettings = {
				ASSETCATALOG_COMPILER_APPICON_NAME = AppIcon;
				CODE_SIGN_STYLE = Automatic;
				DEVELOPMENT_TEAM = L4N77Q65SP;
				INFOPLIST_FILE = CodingChallengeHiddenFounders/Info.plist;
				LD_RUNPATH_SEARCH_PATHS = "$(inherited) @executable_path/Frameworks";
				PRODUCT_BUNDLE_IDENTIFIER = com.gezeta.CodingChallengeHiddenFounders;
				PRODUCT_NAME = "$(TARGET_NAME)";
				SWIFT_VERSION = 4.0;
				TARGETED_DEVICE_FAMILY = "1,2";
			};
			name = Release;
		};
/* End XCBuildConfiguration section */

/* Begin XCConfigurationList section */
		FD5C0894201A60AF00088A18 /* Build configuration list for PBXProject "CodingChallengeHiddenFounders" */ = {
			isa = XCConfigurationList;
			buildConfigurations = (
				FD5C08A9201A60AF00088A18 /* Debug */,
				FD5C08AA201A60AF00088A18 /* Release */,
			);
			defaultConfigurationIsVisible = 0;
			defaultConfigurationName = Release;
		};
		FD5C08AB201A60AF00088A18 /* Build configuration list for PBXNativeTarget "CodingChallengeHiddenFounders" */ = {
			isa = XCConfigurationList;
			buildConfigurations = (
				FD5C08AC201A60AF00088A18 /* Debug */,
				FD5C08AD201A60AF00088A18 /* Release */,
			);
			defaultConfigurationIsVisible = 0;
			defaultConfigurationName = Release;
		};
/* End XCConfigurationList section */
	};
	rootObject = FD5C0891201A60AF00088A18 /* Project object */;
}
